
Microsoft Visual Studio Solution File, Format Version 12.00
# Visual Studio 14
VisualStudioVersion = 14.0.25420.1
MinimumVisualStudioVersion = 10.0.40219.1
Project("{FAE04EC0-301F-11D3-BF4B-00C04F79EFBC}") = "WCFDb", "WCFDb\WCFDb.csproj", "{15B6AC33-8B4E-4EA1-8408-26B11EF9BA61}"
EndProject
Project("{FAE04EC0-301F-11D3-BF4B-00C04F79EFBC}") = "WCFAPI", "WCFAPI\WCFAPI.csproj", "{98423DB2-513A-42BE-865A-4D44B79E6553}"
	ProjectSection(ProjectDependencies) = postProject
		{B8B74D19-9C43-48DF-A24B-D57FBEF12CDF} = {B8B74D19-9C43-48DF-A24B-D57FBEF12CDF}
		{65AD6C24-C282-4A5C-A87E-D5747DCB4299} = {65AD6C24-C282-4A5C-A87E-D5747DCB4299}
		{15B6AC33-8B4E-4EA1-8408-26B11EF9BA61} = {15B6AC33-8B4E-4EA1-8408-26B11EF9BA61}
		{F8D0C63F-A7A0-46EE-862E-A03E8E8D9891} = {F8D0C63F-A7A0-46EE-862E-A03E8E8D9891}
		{D6AC9B53-E2E9-42A5-92A1-AC551E534FA5} = {D6AC9B53-E2E9-42A5-92A1-AC551E534FA5}
		{2B3C5B6A-48B1-497E-9A43-59E8884B95CB} = {2B3C5B6A-48B1-497E-9A43-59E8884B95CB}
		{DCF62B9C-110F-44E3-A607-237372BE6DF8} = {DCF62B9C-110F-44E3-A607-237372BE6DF8}
		{0CF96EC0-C114-4825-B7AD-C0266F69A6A5} = {0CF96EC0-C114-4825-B7AD-C0266F69A6A5}
		{07EDE0C7-C687-4053-9255-504E80E8B86F} = {07EDE0C7-C687-4053-9255-504E80E8B86F}
	EndProjectSection
EndProject
Project("{FAE04EC0-301F-11D3-BF4B-00C04F79EFBC}") = "WCFTimeOut", "WCFTimeOut\WCFTimeOut.csproj", "{B8B74D19-9C43-48DF-A24B-D57FBEF12CDF}"
EndProject
Project("{FAE04EC0-301F-11D3-BF4B-00C04F79EFBC}") = "WCFRest", "WCFRest\WCFRest.csproj", "{3E7C2E3E-7CDD-4190-9026-0BE8D9F8BEAB}"
EndProject
Project("{FAE04EC0-301F-11D3-BF4B-00C04F79EFBC}") = "WCFAPIConsole", "WCFAPIConsole\WCFAPIConsole.csproj", "{F6D88D6F-DD76-4BF3-99E9-6E239EB3D35A}"
	ProjectSection(ProjectDependencies) = postProject
		{F8D0C63F-A7A0-46EE-862E-A03E8E8D9891} = {F8D0C63F-A7A0-46EE-862E-A03E8E8D9891}
	EndProjectSection
EndProject
Project("{FAE04EC0-301F-11D3-BF4B-00C04F79EFBC}") = "WCFSample", "WCFSample\WCFSample.csproj", "{52842834-C145-405C-9649-8B6087D39795}"
EndProject
Project("{FAE04EC0-301F-11D3-BF4B-00C04F79EFBC}") = "WCFBaseClass", "WCFBaseClass\WCFBaseClass.csproj", "{2B3C5B6A-48B1-497E-9A43-59E8884B95CB}"
EndProject
Project("{FAE04EC0-301F-11D3-BF4B-00C04F79EFBC}") = "WCFWebApp", "WCFWebApp\WCFWebApp.csproj", "{84EAE465-DA26-495F-8104-8FFC01663F20}"
EndProject
Project("{FAE04EC0-301F-11D3-BF4B-00C04F79EFBC}") = "WCFSecurityMode", "WCFSecurityMode\WCFSecurityMode.csproj", "{0CF96EC0-C114-4825-B7AD-C0266F69A6A5}"
EndProject
Project("{FAE04EC0-301F-11D3-BF4B-00C04F79EFBC}") = "WCFSecurityModeNone", "WCFSecurityModeNone\WCFSecurityModeNone.csproj", "{B1FBC1A5-A95D-40A3-B192-AE4579059638}"
EndProject
Project("{FAE04EC0-301F-11D3-BF4B-00C04F79EFBC}") = "WCFConsoleSelfHost", "WCFConsoleSelfHost\WCFConsoleSelfHost.csproj", "{1FCA7E3C-1D2F-4BB9-87DB-06EBA578F980}"
EndProject
Project("{FAE04EC0-301F-11D3-BF4B-00C04F79EFBC}") = "WCFImplementation", "WCFImplementation\WCFImplementation.csproj", "{E59B97E3-3E2D-4A05-B5FA-DE9EDCB9ABC6}"
EndProject
Project("{FAE04EC0-301F-11D3-BF4B-00C04F79EFBC}") = "WCFHttpListenerApp", "WCFHttpListenerApp\WCFHttpListenerApp.csproj", "{D8AD9E17-6263-43AB-BD2B-240F4431925A}"
EndProject
Project("{FAE04EC0-301F-11D3-BF4B-00C04F79EFBC}") = "WCFHttpOrHttps", "WCFHttpOrHttps\WCFHttpOrHttps.csproj", "{D6AC9B53-E2E9-42A5-92A1-AC551E534FA5}"
EndProject
Project("{FAE04EC0-301F-11D3-BF4B-00C04F79EFBC}") = "WCFAsync", "WCFAsync\WCFAsync.csproj", "{017126F5-D87D-43FB-B825-A421CC03C98D}"
EndProject
Project("{FAE04EC0-301F-11D3-BF4B-00C04F79EFBC}") = "WCFStartStop", "WCFStartStop\WCFStartStop.csproj", "{0E7F0B5E-3E6F-4724-AA85-95DC20444E1E}"
EndProject
Project("{FAE04EC0-301F-11D3-BF4B-00C04F79EFBC}") = "WCFDataTable", "WCFDataTable\WCFDataTable.csproj", "{07EDE0C7-C687-4053-9255-504E80E8B86F}"
EndProject
Project("{FAE04EC0-301F-11D3-BF4B-00C04F79EFBC}") = "WCFBasicSecurity", "WCFBasicSecurity\WCFBasicSecurity.csproj", "{3E9983E8-BBC9-4DBE-8F6F-263ED68DC0B6}"
EndProject
Project("{FAE04EC0-301F-11D3-BF4B-00C04F79EFBC}") = "WCFBasicSecurityMVC", "WCFBasicSecurityMVC\WCFBasicSecurityMVC.csproj", "{26BCFFEB-E553-4DF1-95C3-8B7DBB689D02}"
	ProjectSection(ProjectDependencies) = postProject
		{3E9983E8-BBC9-4DBE-8F6F-263ED68DC0B6} = {3E9983E8-BBC9-4DBE-8F6F-263ED68DC0B6}
	EndProjectSection
EndProject
Project("{FAE04EC0-301F-11D3-BF4B-00C04F79EFBC}") = "WCFCertificate", "WCFCertificate\WCFCertificate.csproj", "{9C02703E-65A0-4AB8-94B2-FBF997E3C5F9}"
EndProject
Project("{FAE04EC0-301F-11D3-BF4B-00C04F79EFBC}") = "WCFMSMQCertificate", "WCFMSMQCertificate\WCFMSMQCertificate.csproj", "{D9E364CC-7237-4F54-B310-781020FCE884}"
EndProject
Project("{FAE04EC0-301F-11D3-BF4B-00C04F79EFBC}") = "WCFCustomBinding", "WCFCustomBinding\WCFCustomBinding.csproj", "{ED958196-51DE-42AD-B050-73AF942DCEAE}"
EndProject
Project("{FAE04EC0-301F-11D3-BF4B-00C04F79EFBC}") = "WCFCusBinding", "WCFCusBinding\WCFCusBinding.csproj", "{65AD6C24-C282-4A5C-A87E-D5747DCB4299}"
EndProject
Project("{FAE04EC0-301F-11D3-BF4B-00C04F79EFBC}") = "WCFLib", "WCFLib\WCFLib.csproj", "{DCF62B9C-110F-44E3-A607-237372BE6DF8}"
EndProject
Project("{FAE04EC0-301F-11D3-BF4B-00C04F79EFBC}") = "WCFWPF", "WCFWPF\WCFWPF.csproj", "{A7812235-6EEF-45CA-B8F8-497D70B98F1D}"
	ProjectSection(ProjectDependencies) = postProject
		{DCF62B9C-110F-44E3-A607-237372BE6DF8} = {DCF62B9C-110F-44E3-A607-237372BE6DF8}
	EndProjectSection
EndProject
Project("{FAE04EC0-301F-11D3-BF4B-00C04F79EFBC}") = "WCFFaultException", "WCFFaultException\WCFFaultException.csproj", "{F8D0C63F-A7A0-46EE-862E-A03E8E8D9891}"
EndProject
Project("{FAE04EC0-301F-11D3-BF4B-00C04F79EFBC}") = "WCFOSVersion", "WCFOSVersion\WCFOSVersion.csproj", "{2363F371-911D-462C-92D1-6FEC51C5AC38}"
EndProject
Project("{FAE04EC0-301F-11D3-BF4B-00C04F79EFBC}") = "WCFOSLib", "WCFOSLib\WCFOSLib.csproj", "{6951F038-A17C-4485-85EB-BA6F69CFCB32}"
EndProject
Global
	GlobalSection(SolutionConfigurationPlatforms) = preSolution
		Debug|Any CPU = Debug|Any CPU
		Release|Any CPU = Release|Any CPU
	EndGlobalSection
	GlobalSection(ProjectConfigurationPlatforms) = postSolution
		{15B6AC33-8B4E-4EA1-8408-26B11EF9BA61}.Debug|Any CPU.ActiveCfg = Debug|Any CPU
		{15B6AC33-8B4E-4EA1-8408-26B11EF9BA61}.Debug|Any CPU.Build.0 = Debug|Any CPU
		{15B6AC33-8B4E-4EA1-8408-26B11EF9BA61}.Release|Any CPU.ActiveCfg = Release|Any CPU
		{15B6AC33-8B4E-4EA1-8408-26B11EF9BA61}.Release|Any CPU.Build.0 = Release|Any CPU
		{98423DB2-513A-42BE-865A-4D44B79E6553}.Debug|Any CPU.ActiveCfg = Debug|Any CPU
		{98423DB2-513A-42BE-865A-4D44B79E6553}.Debug|Any CPU.Build.0 = Debug|Any CPU
		{98423DB2-513A-42BE-865A-4D44B79E6553}.Release|Any CPU.ActiveCfg = Release|Any CPU
		{98423DB2-513A-42BE-865A-4D44B79E6553}.Release|Any CPU.Build.0 = Release|Any CPU
		{B8B74D19-9C43-48DF-A24B-D57FBEF12CDF}.Debug|Any CPU.ActiveCfg = Debug|Any CPU
		{B8B74D19-9C43-48DF-A24B-D57FBEF12CDF}.Debug|Any CPU.Build.0 = Debug|Any CPU
		{B8B74D19-9C43-48DF-A24B-D57FBEF12CDF}.Release|Any CPU.ActiveCfg = Release|Any CPU
		{B8B74D19-9C43-48DF-A24B-D57FBEF12CDF}.Release|Any CPU.Build.0 = Release|Any CPU
		{3E7C2E3E-7CDD-4190-9026-0BE8D9F8BEAB}.Debug|Any CPU.ActiveCfg = Debug|Any CPU
		{3E7C2E3E-7CDD-4190-9026-0BE8D9F8BEAB}.Debug|Any CPU.Build.0 = Debug|Any CPU
		{3E7C2E3E-7CDD-4190-9026-0BE8D9F8BEAB}.Release|Any CPU.ActiveCfg = Release|Any CPU
		{3E7C2E3E-7CDD-4190-9026-0BE8D9F8BEAB}.Release|Any CPU.Build.0 = Release|Any CPU
		{F6D88D6F-DD76-4BF3-99E9-6E239EB3D35A}.Debug|Any CPU.ActiveCfg = Debug|Any CPU
		{F6D88D6F-DD76-4BF3-99E9-6E239EB3D35A}.Debug|Any CPU.Build.0 = Debug|Any CPU
		{F6D88D6F-DD76-4BF3-99E9-6E239EB3D35A}.Release|Any CPU.ActiveCfg = Release|Any CPU
		{F6D88D6F-DD76-4BF3-99E9-6E239EB3D35A}.Release|Any CPU.Build.0 = Release|Any CPU
		{52842834-C145-405C-9649-8B6087D39795}.Debug|Any CPU.ActiveCfg = Debug|Any CPU
		{52842834-C145-405C-9649-8B6087D39795}.Debug|Any CPU.Build.0 = Debug|Any CPU
		{52842834-C145-405C-9649-8B6087D39795}.Release|Any CPU.ActiveCfg = Release|Any CPU
		{52842834-C145-405C-9649-8B6087D39795}.Release|Any CPU.Build.0 = Release|Any CPU
		{2B3C5B6A-48B1-497E-9A43-59E8884B95CB}.Debug|Any CPU.ActiveCfg = Debug|Any CPU
		{2B3C5B6A-48B1-497E-9A43-59E8884B95CB}.Debug|Any CPU.Build.0 = Debug|Any CPU
		{2B3C5B6A-48B1-497E-9A43-59E8884B95CB}.Release|Any CPU.ActiveCfg = Release|Any CPU
		{2B3C5B6A-48B1-497E-9A43-59E8884B95CB}.Release|Any CPU.Build.0 = Release|Any CPU
		{84EAE465-DA26-495F-8104-8FFC01663F20}.Debug|Any CPU.ActiveCfg = Debug|Any CPU
		{84EAE465-DA26-495F-8104-8FFC01663F20}.Debug|Any CPU.Build.0 = Debug|Any CPU
		{84EAE465-DA26-495F-8104-8FFC01663F20}.Release|Any CPU.ActiveCfg = Release|Any CPU
		{84EAE465-DA26-495F-8104-8FFC01663F20}.Release|Any CPU.Build.0 = Release|Any CPU
		{0CF96EC0-C114-4825-B7AD-C0266F69A6A5}.Debug|Any CPU.ActiveCfg = Debug|Any CPU
		{0CF96EC0-C114-4825-B7AD-C0266F69A6A5}.Debug|Any CPU.Build.0 = Debug|Any CPU
		{0CF96EC0-C114-4825-B7AD-C0266F69A6A5}.Release|Any CPU.ActiveCfg = Release|Any CPU
		{0CF96EC0-C114-4825-B7AD-C0266F69A6A5}.Release|Any CPU.Build.0 = Release|Any CPU
		{B1FBC1A5-A95D-40A3-B192-AE4579059638}.Debug|Any CPU.ActiveCfg = Debug|Any CPU
		{B1FBC1A5-A95D-40A3-B192-AE4579059638}.Debug|Any CPU.Build.0 = Debug|Any CPU
		{B1FBC1A5-A95D-40A3-B192-AE4579059638}.Release|Any CPU.ActiveCfg = Release|Any CPU
		{B1FBC1A5-A95D-40A3-B192-AE4579059638}.Release|Any CPU.Build.0 = Release|Any CPU
		{1FCA7E3C-1D2F-4BB9-87DB-06EBA578F980}.Debug|Any CPU.ActiveCfg = Debug|Any CPU
		{1FCA7E3C-1D2F-4BB9-87DB-06EBA578F980}.Debug|Any CPU.Build.0 = Debug|Any CPU
		{1FCA7E3C-1D2F-4BB9-87DB-06EBA578F980}.Release|Any CPU.ActiveCfg = Release|Any CPU
		{1FCA7E3C-1D2F-4BB9-87DB-06EBA578F980}.Release|Any CPU.Build.0 = Release|Any CPU
		{E59B97E3-3E2D-4A05-B5FA-DE9EDCB9ABC6}.Debug|Any CPU.ActiveCfg = Debug|Any CPU
		{E59B97E3-3E2D-4A05-B5FA-DE9EDCB9ABC6}.Debug|Any CPU.Build.0 = Debug|Any CPU
		{E59B97E3-3E2D-4A05-B5FA-DE9EDCB9ABC6}.Release|Any CPU.ActiveCfg = Release|Any CPU
		{E59B97E3-3E2D-4A05-B5FA-DE9EDCB9ABC6}.Release|Any CPU.Build.0 = Release|Any CPU
		{D8AD9E17-6263-43AB-BD2B-240F4431925A}.Debug|Any CPU.ActiveCfg = Debug|Any CPU
		{D8AD9E17-6263-43AB-BD2B-240F4431925A}.Debug|Any CPU.Build.0 = Debug|Any CPU
		{D8AD9E17-6263-43AB-BD2B-240F4431925A}.Release|Any CPU.ActiveCfg = Release|Any CPU
		{D8AD9E17-6263-43AB-BD2B-240F4431925A}.Release|Any CPU.Build.0 = Release|Any CPU
		{D6AC9B53-E2E9-42A5-92A1-AC551E534FA5}.Debug|Any CPU.ActiveCfg = Debug|Any CPU
		{D6AC9B53-E2E9-42A5-92A1-AC551E534FA5}.Debug|Any CPU.Build.0 = Debug|Any CPU
		{D6AC9B53-E2E9-42A5-92A1-AC551E534FA5}.Release|Any CPU.ActiveCfg = Release|Any CPU
		{D6AC9B53-E2E9-42A5-92A1-AC551E534FA5}.Release|Any CPU.Build.0 = Release|Any CPU
		{017126F5-D87D-43FB-B825-A421CC03C98D}.Debug|Any CPU.ActiveCfg = Debug|Any CPU
		{017126F5-D87D-43FB-B825-A421CC03C98D}.Debug|Any CPU.Build.0 = Debug|Any CPU
		{017126F5-D87D-43FB-B825-A421CC03C98D}.Release|Any CPU.ActiveCfg = Release|Any CPU
		{017126F5-D87D-43FB-B825-A421CC03C98D}.Release|Any CPU.Build.0 = Release|Any CPU
		{0E7F0B5E-3E6F-4724-AA85-95DC20444E1E}.Debug|Any CPU.ActiveCfg = Debug|Any CPU
		{0E7F0B5E-3E6F-4724-AA85-95DC20444E1E}.Debug|Any CPU.Build.0 = Debug|Any CPU
		{0E7F0B5E-3E6F-4724-AA85-95DC20444E1E}.Release|Any CPU.ActiveCfg = Release|Any CPU
		{0E7F0B5E-3E6F-4724-AA85-95DC20444E1E}.Release|Any CPU.Build.0 = Release|Any CPU
		{07EDE0C7-C687-4053-9255-504E80E8B86F}.Debug|Any CPU.ActiveCfg = Debug|Any CPU
		{07EDE0C7-C687-4053-9255-504E80E8B86F}.Debug|Any CPU.Build.0 = Debug|Any CPU
		{07EDE0C7-C687-4053-9255-504E80E8B86F}.Release|Any CPU.ActiveCfg = Release|Any CPU
		{07EDE0C7-C687-4053-9255-504E80E8B86F}.Release|Any CPU.Build.0 = Release|Any CPU
		{3E9983E8-BBC9-4DBE-8F6F-263ED68DC0B6}.Debug|Any CPU.ActiveCfg = Debug|Any CPU
		{3E9983E8-BBC9-4DBE-8F6F-263ED68DC0B6}.Debug|Any CPU.Build.0 = Debug|Any CPU
		{3E9983E8-BBC9-4DBE-8F6F-263ED68DC0B6}.Release|Any CPU.ActiveCfg = Release|Any CPU
		{3E9983E8-BBC9-4DBE-8F6F-263ED68DC0B6}.Release|Any CPU.Build.0 = Release|Any CPU
		{26BCFFEB-E553-4DF1-95C3-8B7DBB689D02}.Debug|Any CPU.ActiveCfg = Debug|Any CPU
		{26BCFFEB-E553-4DF1-95C3-8B7DBB689D02}.Debug|Any CPU.Build.0 = Debug|Any CPU
		{26BCFFEB-E553-4DF1-95C3-8B7DBB689D02}.Release|Any CPU.ActiveCfg = Release|Any CPU
		{26BCFFEB-E553-4DF1-95C3-8B7DBB689D02}.Release|Any CPU.Build.0 = Release|Any CPU
		{9C02703E-65A0-4AB8-94B2-FBF997E3C5F9}.Debug|Any CPU.ActiveCfg = Debug|Any CPU
		{9C02703E-65A0-4AB8-94B2-FBF997E3C5F9}.Debug|Any CPU.Build.0 = Debug|Any CPU
		{9C02703E-65A0-4AB8-94B2-FBF997E3C5F9}.Release|Any CPU.ActiveCfg = Release|Any CPU
		{9C02703E-65A0-4AB8-94B2-FBF997E3C5F9}.Release|Any CPU.Build.0 = Release|Any CPU
		{D9E364CC-7237-4F54-B310-781020FCE884}.Debug|Any CPU.ActiveCfg = Debug|Any CPU
		{D9E364CC-7237-4F54-B310-781020FCE884}.Debug|Any CPU.Build.0 = Debug|Any CPU
		{D9E364CC-7237-4F54-B310-781020FCE884}.Release|Any CPU.ActiveCfg = Release|Any CPU
		{D9E364CC-7237-4F54-B310-781020FCE884}.Release|Any CPU.Build.0 = Release|Any CPU
		{ED958196-51DE-42AD-B050-73AF942DCEAE}.Debug|Any CPU.ActiveCfg = Debug|Any CPU
		{ED958196-51DE-42AD-B050-73AF942DCEAE}.Debug|Any CPU.Build.0 = Debug|Any CPU
		{ED958196-51DE-42AD-B050-73AF942DCEAE}.Release|Any CPU.ActiveCfg = Release|Any CPU
		{ED958196-51DE-42AD-B050-73AF942DCEAE}.Release|Any CPU.Build.0 = Release|Any CPU
		{65AD6C24-C282-4A5C-A87E-D5747DCB4299}.Debug|Any CPU.ActiveCfg = Debug|Any CPU
		{65AD6C24-C282-4A5C-A87E-D5747DCB4299}.Debug|Any CPU.Build.0 = Debug|Any CPU
		{65AD6C24-C282-4A5C-A87E-D5747DCB4299}.Release|Any CPU.ActiveCfg = Release|Any CPU
		{65AD6C24-C282-4A5C-A87E-D5747DCB4299}.Release|Any CPU.Build.0 = Release|Any CPU
		{DCF62B9C-110F-44E3-A607-237372BE6DF8}.Debug|Any CPU.ActiveCfg = Debug|Any CPU
		{DCF62B9C-110F-44E3-A607-237372BE6DF8}.Debug|Any CPU.Build.0 = Debug|Any CPU
		{DCF62B9C-110F-44E3-A607-237372BE6DF8}.Release|Any CPU.ActiveCfg = Release|Any CPU
		{DCF62B9C-110F-44E3-A607-237372BE6DF8}.Release|Any CPU.Build.0 = Release|Any CPU
		{A7812235-6EEF-45CA-B8F8-497D70B98F1D}.Debug|Any CPU.ActiveCfg = Debug|Any CPU
		{A7812235-6EEF-45CA-B8F8-497D70B98F1D}.Debug|Any CPU.Build.0 = Debug|Any CPU
		{A7812235-6EEF-45CA-B8F8-497D70B98F1D}.Release|Any CPU.ActiveCfg = Release|Any CPU
		{A7812235-6EEF-45CA-B8F8-497D70B98F1D}.Release|Any CPU.Build.0 = Release|Any CPU
		{F8D0C63F-A7A0-46EE-862E-A03E8E8D9891}.Debug|Any CPU.ActiveCfg = Debug|Any CPU
		{F8D0C63F-A7A0-46EE-862E-A03E8E8D9891}.Debug|Any CPU.Build.0 = Debug|Any CPU
		{F8D0C63F-A7A0-46EE-862E-A03E8E8D9891}.Release|Any CPU.ActiveCfg = Release|Any CPU
		{F8D0C63F-A7A0-46EE-862E-A03E8E8D9891}.Release|Any CPU.Build.0 = Release|Any CPU
		{2363F371-911D-462C-92D1-6FEC51C5AC38}.Debug|Any CPU.ActiveCfg = Debug|Any CPU
		{2363F371-911D-462C-92D1-6FEC51C5AC38}.Debug|Any CPU.Build.0 = Debug|Any CPU
		{2363F371-911D-462C-92D1-6FEC51C5AC38}.Release|Any CPU.ActiveCfg = Release|Any CPU
		{2363F371-911D-462C-92D1-6FEC51C5AC38}.Release|Any CPU.Build.0 = Release|Any CPU
		{6951F038-A17C-4485-85EB-BA6F69CFCB32}.Debug|Any CPU.ActiveCfg = Debug|Any CPU
		{6951F038-A17C-4485-85EB-BA6F69CFCB32}.Debug|Any CPU.Build.0 = Debug|Any CPU
		{6951F038-A17C-4485-85EB-BA6F69CFCB32}.Release|Any CPU.ActiveCfg = Release|Any CPU
		{6951F038-A17C-4485-85EB-BA6F69CFCB32}.Release|Any CPU.Build.0 = Release|Any CPU
	EndGlobalSection
	GlobalSection(SolutionProperties) = preSolution
		HideSolutionNode = FALSE
	EndGlobalSection
EndGlobal
